
Microsoft Visual Studio Solution File, Format Version 12.00
# Visual Studio Version 16
VisualStudioVersion = 16.0.30204.135
MinimumVisualStudioVersion = 10.0.40219.1
Project("{F184B08F-C81C-45F6-A57F-5ABD9991F28F}") = "TF2 Server Manager", "TF2 Server Manager\TF2 Server Manager.vbproj", "{B81E4110-E156-4259-93EF-C5D1729DFE7A}"
EndProject
Project("{F184B08F-C81C-45F6-A57F-5ABD9991F28F}") = "TF2 Server Manager Console", "TF2 Server Manager Console\TF2 Server Manager Console.vbproj", "{CFBF1ED1-215C-4EA7-8CEE-AF34DD9136FC}"
EndProject
Project("{F184B08F-C81C-45F6-A57F-5ABD9991F28F}") = "DownloadFile", "DownloadFile\DownloadFile.vbproj", "{0415E282-86EB-4284-8402-E303601E54CD}"
EndProject
Global
	GlobalSection(SolutionConfigurationPlatforms) = preSolution
		Debug|Any CPU = Debug|Any CPU
		Release|Any CPU = Release|Any CPU
	EndGlobalSection
	GlobalSection(ProjectConfigurationPlatforms) = postSolution
		{B81E4110-E156-4259-93EF-C5D1729DFE7A}.Debug|Any CPU.ActiveCfg = Debug|Any CPU
		{B81E4110-E156-4259-93EF-C5D1729DFE7A}.Debug|Any CPU.Build.0 = Debug|Any CPU
		{B81E4110-E156-4259-93EF-C5D1729DFE7A}.Release|Any CPU.ActiveCfg = Release|Any CPU
		{B81E4110-E156-4259-93EF-C5D1729DFE7A}.Release|Any CPU.Build.0 = Release|Any CPU
		{CFBF1ED1-215C-4EA7-8CEE-AF34DD9136FC}.Debug|Any CPU.ActiveCfg = Debug|Any CPU
		{CFBF1ED1-215C-4EA7-8CEE-AF34DD9136FC}.Debug|Any CPU.Build.0 = Debug|Any CPU
		{CFBF1ED1-215C-4EA7-8CEE-AF34DD9136FC}.Release|Any CPU.ActiveCfg = Release|Any CPU
		{CFBF1ED1-215C-4EA7-8CEE-AF34DD9136FC}.Release|Any CPU.Build.0 = Release|Any CPU
		{0415E282-86EB-4284-8402-E303601E54CD}.Debug|Any CPU.ActiveCfg = Debug|Any CPU
		{0415E282-86EB-4284-8402-E303601E54CD}.Debug|Any CPU.Build.0 = Debug|Any CPU
		{0415E282-86EB-4284-8402-E303601E54CD}.Release|Any CPU.ActiveCfg = Release|Any CPU
		{0415E282-86EB-4284-8402-E303601E54CD}.Release|Any CPU.Build.0 = Release|Any CPU
	EndGlobalSection
	GlobalSection(SolutionProperties) = preSolution
		HideSolutionNode = FALSE
	EndGlobalSection
	GlobalSection(ExtensibilityGlobals) = postSolution
		SolutionGuid = {609D70CA-2B89-45F8-A2FB-23AC714295A1}
	EndGlobalSection
EndGlobal
